
Microsoft Visual Studio Solution File, Format Version 12.00
# Visual Studio 15
VisualStudioVersion = 15.0.27428.2037
MinimumVisualStudioVersion = 10.0.40219.1
Project("{FAE04EC0-301F-11D3-BF4B-00C04F79EFBC}") = "SpamEmail", "SpamEmail\SpamEmail.csproj", "{BE9D3BB6-32EF-4858-8823-96C06D21EF97}"
EndProject
Global
	GlobalSection(SolutionConfigurationPlatforms) = preSolution
		Debug|Any CPU = Debug|Any CPU
		Release|Any CPU = Release|Any CPU
	EndGlobalSection
	GlobalSection(ProjectConfigurationPlatforms) = postSolution
		{BE9D3BB6-32EF-4858-8823-96C06D21EF97}.Debug|Any CPU.ActiveCfg = Debug|Any CPU
		{BE9D3BB6-32EF-4858-8823-96C06D21EF97}.Debug|Any CPU.Build.0 = Debug|Any CPU
		{BE9D3BB6-32EF-4858-8823-96C06D21EF97}.Release|Any CPU.ActiveCfg = Release|Any CPU
		{BE9D3BB6-32EF-4858-8823-96C06D21EF97}.Release|Any CPU.Build.0 = Release|Any CPU
	EndGlobalSection
	GlobalSection(SolutionProperties) = preSolution
		HideSolutionNode = FALSE
	EndGlobalSection
	GlobalSection(ExtensibilityGlobals) = postSolution
		SolutionGuid = {9AEEE65E-7BF6-42CE-A3C4-F7A62C16C8F5}
	EndGlobalSection
EndGlobal
